
Microsoft Visual Studio Solution File, Format Version 12.00
Project("{2150E333-8FDC-42A3-9474-1A3956D46DE8}") = "Shared", "Shared", "{7AFEC57F-3971-4412-8285-9CD533033B36}"
EndProject
Project("{FAE04EC0-301F-11D3-BF4B-00C04F79EFBC}") = "GSM.Shared.Setup", "Shared\GSM.Shared.Setup\GSM.Shared.Setup.csproj", "{94A94C99-A650-43FB-AF2C-28BE843A15A3}"
EndProject
Project("{2150E333-8FDC-42A3-9474-1A3956D46DE8}") = "Services", "Services", "{9B9C0FF0-B760-495A-BBDF-559A91371E49}"
EndProject
Project("{2150E333-8FDC-42A3-9474-1A3956D46DE8}") = "Customers", "Customers", "{B0B63237-B2BF-496B-9465-E740315ABB63}"
EndProject
Project("{2150E333-8FDC-42A3-9474-1A3956D46DE8}") = "API", "API", "{4BF8EAB1-4951-4C51-812D-EF880510E478}"
EndProject
Project("{FAE04EC0-301F-11D3-BF4B-00C04F79EFBC}") = "GSM.Services.Customers.API", "Services\Customers\API\GSM.Services.Customers.API\GSM.Services.Customers.API.csproj", "{D4660E1C-5A60-42E0-817A-7D5703D1819C}"
EndProject
Project("{2150E333-8FDC-42A3-9474-1A3956D46DE8}") = "Domain", "Domain", "{1312767A-EE64-4E38-945E-F5409E16B0A8}"
EndProject
Project("{FAE04EC0-301F-11D3-BF4B-00C04F79EFBC}") = "GSM.Services.Customers.Domain.Models", "Services\Customers\Domain\GSM.Services.Customers.Domain.Models\GSM.Services.Customers.Domain.Models.csproj", "{DE83EA44-6B1F-42C7-AE46-D2DCA48A8361}"
EndProject
Project("{FAE04EC0-301F-11D3-BF4B-00C04F79EFBC}") = "GSM.Shared.Models", "Shared\GSM.Shared.Models\GSM.Shared.Models.csproj", "{930F946E-B853-4DD1-A4FF-323791C2F374}"
EndProject
Project("{2150E333-8FDC-42A3-9474-1A3956D46DE8}") = "Persistence", "Persistence", "{7E602010-80D7-47C2-9AD9-E059966555EA}"
EndProject
Project("{FAE04EC0-301F-11D3-BF4B-00C04F79EFBC}") = "GSM.Services.Customers.Persistence.Database", "Services\Customers\Persistence\GSM.Services.Customers.Persistence.Database\GSM.Services.Customers.Persistence.Database.csproj", "{ED6C3B49-6D1A-45B5-B65B-F41F58344AD3}"
EndProject
Project("{FAE04EC0-301F-11D3-BF4B-00C04F79EFBC}") = "GSM.Shared.EnvironmentVariable", "Shared\GSM.Shared.EnvironmentVariable\GSM.Shared.EnvironmentVariable.csproj", "{61215C4C-6042-40A5-8176-F844CC9A0DC6}"
EndProject
Project("{2150E333-8FDC-42A3-9474-1A3956D46DE8}") = "Services", "Services", "{6CF2B126-049C-41AE-9235-59D36FFCBE4E}"
EndProject
Project("{FAE04EC0-301F-11D3-BF4B-00C04F79EFBC}") = "GSM.Services.Customers.Services.EventHandlers", "Services\Customers\Services\GSM.Services.Customers.Services.EventHandlers\GSM.Services.Customers.Services.EventHandlers.csproj", "{4F318F6F-29D2-43C8-A1BF-B09844880940}"
EndProject
Project("{FAE04EC0-301F-11D3-BF4B-00C04F79EFBC}") = "GSM.Services.Customers.Shared.Dtos", "Services\Customers\Shared\GSM.Services.Customers.Shared.Dtos\GSM.Services.Customers.Shared.Dtos.csproj", "{C3238642-A323-4D83-A58E-BB9D9305CDED}"
EndProject
Project("{2150E333-8FDC-42A3-9474-1A3956D46DE8}") = "Shared", "Shared", "{17F6E6A0-FECF-49A7-992B-4CD425D1F236}"
EndProject
Project("{FAE04EC0-301F-11D3-BF4B-00C04F79EFBC}") = "GSM.Shared.Dtos", "Shared\GSM.Shared.Dtos\GSM.Shared.Dtos.csproj", "{A1F55292-3302-4100-A8A8-2D2A53FFA083}"
EndProject
Project("{FAE04EC0-301F-11D3-BF4B-00C04F79EFBC}") = "GSM.Services.Customers.Services.Queries", "Services\Customers\Services\GSM.Services.Customers.Services.Queries\GSM.Services.Customers.Services.Queries.csproj", "{6D5CAB26-776C-45EC-B656-DEB0DFB77D1B}"
EndProject
Project("{2150E333-8FDC-42A3-9474-1A3956D46DE8}") = "Security", "Security", "{6D696AC7-1F5D-4404-BECF-399E466EBD25}"
EndProject
Project("{2150E333-8FDC-42A3-9474-1A3956D46DE8}") = "API", "API", "{4541772F-21A8-4C18-A8EF-C62535CDDCD0}"
EndProject
Project("{2150E333-8FDC-42A3-9474-1A3956D46DE8}") = "Domain", "Domain", "{293862DA-3266-4BF4-9D06-A313D7D26409}"
EndProject
Project("{2150E333-8FDC-42A3-9474-1A3956D46DE8}") = "Persistence", "Persistence", "{D82147E0-487D-4DBE-BBCA-AFDCECFCA9A7}"
EndProject
Project("{2150E333-8FDC-42A3-9474-1A3956D46DE8}") = "Services", "Services", "{6E38F46D-3A55-42BB-97D4-5B8896D88FE9}"
EndProject
Project("{2150E333-8FDC-42A3-9474-1A3956D46DE8}") = "Shared", "Shared", "{8F73918F-BB17-4FB6-9402-5F1303426746}"
EndProject
Project("{FAE04EC0-301F-11D3-BF4B-00C04F79EFBC}") = "GSM.Services.Security.API", "Services\Security\API\GSM.Services.Security.API\GSM.Services.Security.API.csproj", "{FCA4229B-079C-4EE5-BAE8-BE51CA624B47}"
EndProject
Project("{FAE04EC0-301F-11D3-BF4B-00C04F79EFBC}") = "GSM.Services.Security.Domain.Models", "Services\Security\Domain\GSM.Services.Security.Domain.Models\GSM.Services.Security.Domain.Models.csproj", "{B7014595-0E13-4623-8D13-C4BCB122588C}"
EndProject
Project("{FAE04EC0-301F-11D3-BF4B-00C04F79EFBC}") = "GSM.Services.Security.Persistence.Database", "Services\Security\Persistence\GSM.Services.Security.Persistence.Database\GSM.Services.Security.Persistence.Database.csproj", "{8E9BE72C-7063-42AF-85E9-03B7717FDE3C}"
EndProject
Project("{FAE04EC0-301F-11D3-BF4B-00C04F79EFBC}") = "GSM.Services.Security.Services.EventHandlers", "Services\Security\Services\GSM.Services.Security.Services.EventHandlers\GSM.Services.Security.Services.EventHandlers.csproj", "{076CAEF0-A89D-47CD-9843-B13E5558B37B}"
EndProject
Project("{FAE04EC0-301F-11D3-BF4B-00C04F79EFBC}") = "GSM.Services.Security.Services.Queries", "Services\Security\Services\GSM.Services.Security.Services.Queries\GSM.Services.Security.Services.Queries.csproj", "{53712B90-D3A7-4E51-B18F-4815FECBBCA9}"
EndProject
Project("{FAE04EC0-301F-11D3-BF4B-00C04F79EFBC}") = "GSM.Services.Security.Shared.Dtos", "Services\Security\Shared\GSM.Services.Security.Shared.Dtos\GSM.Services.Security.Shared.Dtos.csproj", "{784FC62E-7D84-4518-8A5F-3B6921D0BF4D}"
EndProject
Project("{FAE04EC0-301F-11D3-BF4B-00C04F79EFBC}") = "GSM.Shared.Helpers", "Shared\GSM.Shared.Helpers\GSM.Shared.Helpers.csproj", "{A181BF6B-3198-4D54-AA91-C92CA4E7D2CD}"
EndProject
Project("{2150E333-8FDC-42A3-9474-1A3956D46DE8}") = "Products", "Products", "{2A256D22-1C27-457E-9A8E-FB292CF3C817}"
EndProject
Project("{2150E333-8FDC-42A3-9474-1A3956D46DE8}") = "API", "API", "{79892D07-9571-4CB3-9F3E-41E0C2A8AAF5}"
EndProject
Project("{2150E333-8FDC-42A3-9474-1A3956D46DE8}") = "Domain", "Domain", "{1AEE5827-0C68-40D8-A31A-A315235A6E6B}"
EndProject
Project("{2150E333-8FDC-42A3-9474-1A3956D46DE8}") = "Services", "Services", "{81896CC7-6719-4F0E-BD32-B4B1B288A45D}"
EndProject
Project("{2150E333-8FDC-42A3-9474-1A3956D46DE8}") = "Persistence", "Persistence", "{E8D71D49-3049-4AD3-A55B-7A2705926A65}"
EndProject
Project("{2150E333-8FDC-42A3-9474-1A3956D46DE8}") = "Shared", "Shared", "{826A2D6B-67E5-4B8B-85E7-7FFB563B5008}"
EndProject
Project("{FAE04EC0-301F-11D3-BF4B-00C04F79EFBC}") = "GSM.Services.Products.API", "Services\Products\API\GSM.Services.Products.API\GSM.Services.Products.API.csproj", "{2F8DE794-D5A7-46BC-8762-A8E9C1614AA6}"
EndProject
Project("{FAE04EC0-301F-11D3-BF4B-00C04F79EFBC}") = "GSM.Services.Products.Domain.Models", "Services\Products\Domain\GSM.Services.Products.Domain.Models\GSM.Services.Products.Domain.Models.csproj", "{D37B9157-BB1B-4928-A391-8685B8475BC7}"
EndProject
Project("{FAE04EC0-301F-11D3-BF4B-00C04F79EFBC}") = "GSM.Services.Products.Persistence.Database", "Services\Products\Persistence\GSM.Services.Products.Persistence.Database\GSM.Services.Products.Persistence.Database.csproj", "{B4790F1A-C367-4187-91EA-40A9B9553F0F}"
EndProject
Project("{FAE04EC0-301F-11D3-BF4B-00C04F79EFBC}") = "GSM.Services.Products.Services.EventHandlers", "Services\Products\Services\GSM.Services.Products.Services.EventHandlers\GSM.Services.Products.Services.EventHandlers.csproj", "{A5A58267-5B02-4935-BE31-5504FF72DF42}"
EndProject
Project("{FAE04EC0-301F-11D3-BF4B-00C04F79EFBC}") = "GSM.Services.Products.Services.Queries", "Services\Products\Services\GSM.Services.Products.Services.Queries\GSM.Services.Products.Services.Queries.csproj", "{74D4C63D-D886-452B-9D01-5D56C4C3CCF6}"
EndProject
Project("{FAE04EC0-301F-11D3-BF4B-00C04F79EFBC}") = "GSM.Services.Products.Shared.Dtos", "Services\Products\Shared\GSM.Services.Products.Shared.Dtos\GSM.Services.Products.Shared.Dtos.csproj", "{2FBDF9E0-F623-4414-BE5F-4C381CB64A4D}"
EndProject
Global
	GlobalSection(SolutionConfigurationPlatforms) = preSolution
		Debug|Any CPU = Debug|Any CPU
		Release|Any CPU = Release|Any CPU
	EndGlobalSection
	GlobalSection(NestedProjects) = preSolution
		{94A94C99-A650-43FB-AF2C-28BE843A15A3} = {7AFEC57F-3971-4412-8285-9CD533033B36}
		{B0B63237-B2BF-496B-9465-E740315ABB63} = {9B9C0FF0-B760-495A-BBDF-559A91371E49}
		{4BF8EAB1-4951-4C51-812D-EF880510E478} = {B0B63237-B2BF-496B-9465-E740315ABB63}
		{D4660E1C-5A60-42E0-817A-7D5703D1819C} = {4BF8EAB1-4951-4C51-812D-EF880510E478}
		{1312767A-EE64-4E38-945E-F5409E16B0A8} = {B0B63237-B2BF-496B-9465-E740315ABB63}
		{DE83EA44-6B1F-42C7-AE46-D2DCA48A8361} = {1312767A-EE64-4E38-945E-F5409E16B0A8}
		{930F946E-B853-4DD1-A4FF-323791C2F374} = {7AFEC57F-3971-4412-8285-9CD533033B36}
		{7E602010-80D7-47C2-9AD9-E059966555EA} = {B0B63237-B2BF-496B-9465-E740315ABB63}
		{ED6C3B49-6D1A-45B5-B65B-F41F58344AD3} = {7E602010-80D7-47C2-9AD9-E059966555EA}
		{61215C4C-6042-40A5-8176-F844CC9A0DC6} = {7AFEC57F-3971-4412-8285-9CD533033B36}
		{6CF2B126-049C-41AE-9235-59D36FFCBE4E} = {B0B63237-B2BF-496B-9465-E740315ABB63}
		{4F318F6F-29D2-43C8-A1BF-B09844880940} = {6CF2B126-049C-41AE-9235-59D36FFCBE4E}
		{17F6E6A0-FECF-49A7-992B-4CD425D1F236} = {B0B63237-B2BF-496B-9465-E740315ABB63}
		{C3238642-A323-4D83-A58E-BB9D9305CDED} = {17F6E6A0-FECF-49A7-992B-4CD425D1F236}
		{A1F55292-3302-4100-A8A8-2D2A53FFA083} = {7AFEC57F-3971-4412-8285-9CD533033B36}
		{6D5CAB26-776C-45EC-B656-DEB0DFB77D1B} = {6CF2B126-049C-41AE-9235-59D36FFCBE4E}
		{6D696AC7-1F5D-4404-BECF-399E466EBD25} = {9B9C0FF0-B760-495A-BBDF-559A91371E49}
		{4541772F-21A8-4C18-A8EF-C62535CDDCD0} = {6D696AC7-1F5D-4404-BECF-399E466EBD25}
		{293862DA-3266-4BF4-9D06-A313D7D26409} = {6D696AC7-1F5D-4404-BECF-399E466EBD25}
		{D82147E0-487D-4DBE-BBCA-AFDCECFCA9A7} = {6D696AC7-1F5D-4404-BECF-399E466EBD25}
		{6E38F46D-3A55-42BB-97D4-5B8896D88FE9} = {6D696AC7-1F5D-4404-BECF-399E466EBD25}
		{8F73918F-BB17-4FB6-9402-5F1303426746} = {6D696AC7-1F5D-4404-BECF-399E466EBD25}
		{FCA4229B-079C-4EE5-BAE8-BE51CA624B47} = {4541772F-21A8-4C18-A8EF-C62535CDDCD0}
		{B7014595-0E13-4623-8D13-C4BCB122588C} = {293862DA-3266-4BF4-9D06-A313D7D26409}
		{8E9BE72C-7063-42AF-85E9-03B7717FDE3C} = {D82147E0-487D-4DBE-BBCA-AFDCECFCA9A7}
		{076CAEF0-A89D-47CD-9843-B13E5558B37B} = {6E38F46D-3A55-42BB-97D4-5B8896D88FE9}
		{53712B90-D3A7-4E51-B18F-4815FECBBCA9} = {6E38F46D-3A55-42BB-97D4-5B8896D88FE9}
		{784FC62E-7D84-4518-8A5F-3B6921D0BF4D} = {8F73918F-BB17-4FB6-9402-5F1303426746}
		{A181BF6B-3198-4D54-AA91-C92CA4E7D2CD} = {7AFEC57F-3971-4412-8285-9CD533033B36}
		{2A256D22-1C27-457E-9A8E-FB292CF3C817} = {9B9C0FF0-B760-495A-BBDF-559A91371E49}
		{79892D07-9571-4CB3-9F3E-41E0C2A8AAF5} = {2A256D22-1C27-457E-9A8E-FB292CF3C817}
		{1AEE5827-0C68-40D8-A31A-A315235A6E6B} = {2A256D22-1C27-457E-9A8E-FB292CF3C817}
		{81896CC7-6719-4F0E-BD32-B4B1B288A45D} = {2A256D22-1C27-457E-9A8E-FB292CF3C817}
		{E8D71D49-3049-4AD3-A55B-7A2705926A65} = {2A256D22-1C27-457E-9A8E-FB292CF3C817}
		{826A2D6B-67E5-4B8B-85E7-7FFB563B5008} = {2A256D22-1C27-457E-9A8E-FB292CF3C817}
		{2F8DE794-D5A7-46BC-8762-A8E9C1614AA6} = {79892D07-9571-4CB3-9F3E-41E0C2A8AAF5}
		{D37B9157-BB1B-4928-A391-8685B8475BC7} = {1AEE5827-0C68-40D8-A31A-A315235A6E6B}
		{B4790F1A-C367-4187-91EA-40A9B9553F0F} = {E8D71D49-3049-4AD3-A55B-7A2705926A65}
		{A5A58267-5B02-4935-BE31-5504FF72DF42} = {81896CC7-6719-4F0E-BD32-B4B1B288A45D}
		{74D4C63D-D886-452B-9D01-5D56C4C3CCF6} = {81896CC7-6719-4F0E-BD32-B4B1B288A45D}
		{2FBDF9E0-F623-4414-BE5F-4C381CB64A4D} = {826A2D6B-67E5-4B8B-85E7-7FFB563B5008}
	EndGlobalSection
	GlobalSection(ProjectConfigurationPlatforms) = postSolution
		{94A94C99-A650-43FB-AF2C-28BE843A15A3}.Debug|Any CPU.ActiveCfg = Debug|Any CPU
		{94A94C99-A650-43FB-AF2C-28BE843A15A3}.Debug|Any CPU.Build.0 = Debug|Any CPU
		{94A94C99-A650-43FB-AF2C-28BE843A15A3}.Release|Any CPU.ActiveCfg = Release|Any CPU
		{94A94C99-A650-43FB-AF2C-28BE843A15A3}.Release|Any CPU.Build.0 = Release|Any CPU
		{D4660E1C-5A60-42E0-817A-7D5703D1819C}.Debug|Any CPU.ActiveCfg = Debug|Any CPU
		{D4660E1C-5A60-42E0-817A-7D5703D1819C}.Debug|Any CPU.Build.0 = Debug|Any CPU
		{D4660E1C-5A60-42E0-817A-7D5703D1819C}.Release|Any CPU.ActiveCfg = Release|Any CPU
		{D4660E1C-5A60-42E0-817A-7D5703D1819C}.Release|Any CPU.Build.0 = Release|Any CPU
		{DE83EA44-6B1F-42C7-AE46-D2DCA48A8361}.Debug|Any CPU.ActiveCfg = Debug|Any CPU
		{DE83EA44-6B1F-42C7-AE46-D2DCA48A8361}.Debug|Any CPU.Build.0 = Debug|Any CPU
		{DE83EA44-6B1F-42C7-AE46-D2DCA48A8361}.Release|Any CPU.ActiveCfg = Release|Any CPU
		{DE83EA44-6B1F-42C7-AE46-D2DCA48A8361}.Release|Any CPU.Build.0 = Release|Any CPU
		{930F946E-B853-4DD1-A4FF-323791C2F374}.Debug|Any CPU.ActiveCfg = Debug|Any CPU
		{930F946E-B853-4DD1-A4FF-323791C2F374}.Debug|Any CPU.Build.0 = Debug|Any CPU
		{930F946E-B853-4DD1-A4FF-323791C2F374}.Release|Any CPU.ActiveCfg = Release|Any CPU
		{930F946E-B853-4DD1-A4FF-323791C2F374}.Release|Any CPU.Build.0 = Release|Any CPU
		{ED6C3B49-6D1A-45B5-B65B-F41F58344AD3}.Debug|Any CPU.ActiveCfg = Debug|Any CPU
		{ED6C3B49-6D1A-45B5-B65B-F41F58344AD3}.Debug|Any CPU.Build.0 = Debug|Any CPU
		{ED6C3B49-6D1A-45B5-B65B-F41F58344AD3}.Release|Any CPU.ActiveCfg = Release|Any CPU
		{ED6C3B49-6D1A-45B5-B65B-F41F58344AD3}.Release|Any CPU.Build.0 = Release|Any CPU
		{61215C4C-6042-40A5-8176-F844CC9A0DC6}.Debug|Any CPU.ActiveCfg = Debug|Any CPU
		{61215C4C-6042-40A5-8176-F844CC9A0DC6}.Debug|Any CPU.Build.0 = Debug|Any CPU
		{61215C4C-6042-40A5-8176-F844CC9A0DC6}.Release|Any CPU.ActiveCfg = Release|Any CPU
		{61215C4C-6042-40A5-8176-F844CC9A0DC6}.Release|Any CPU.Build.0 = Release|Any CPU
		{4F318F6F-29D2-43C8-A1BF-B09844880940}.Debug|Any CPU.ActiveCfg = Debug|Any CPU
		{4F318F6F-29D2-43C8-A1BF-B09844880940}.Debug|Any CPU.Build.0 = Debug|Any CPU
		{4F318F6F-29D2-43C8-A1BF-B09844880940}.Release|Any CPU.ActiveCfg = Release|Any CPU
		{4F318F6F-29D2-43C8-A1BF-B09844880940}.Release|Any CPU.Build.0 = Release|Any CPU
		{C3238642-A323-4D83-A58E-BB9D9305CDED}.Debug|Any CPU.ActiveCfg = Debug|Any CPU
		{C3238642-A323-4D83-A58E-BB9D9305CDED}.Debug|Any CPU.Build.0 = Debug|Any CPU
		{C3238642-A323-4D83-A58E-BB9D9305CDED}.Release|Any CPU.ActiveCfg = Release|Any CPU
		{C3238642-A323-4D83-A58E-BB9D9305CDED}.Release|Any CPU.Build.0 = Release|Any CPU
		{A1F55292-3302-4100-A8A8-2D2A53FFA083}.Debug|Any CPU.ActiveCfg = Debug|Any CPU
		{A1F55292-3302-4100-A8A8-2D2A53FFA083}.Debug|Any CPU.Build.0 = Debug|Any CPU
		{A1F55292-3302-4100-A8A8-2D2A53FFA083}.Release|Any CPU.ActiveCfg = Release|Any CPU
		{A1F55292-3302-4100-A8A8-2D2A53FFA083}.Release|Any CPU.Build.0 = Release|Any CPU
		{6D5CAB26-776C-45EC-B656-DEB0DFB77D1B}.Debug|Any CPU.ActiveCfg = Debug|Any CPU
		{6D5CAB26-776C-45EC-B656-DEB0DFB77D1B}.Debug|Any CPU.Build.0 = Debug|Any CPU
		{6D5CAB26-776C-45EC-B656-DEB0DFB77D1B}.Release|Any CPU.ActiveCfg = Release|Any CPU
		{6D5CAB26-776C-45EC-B656-DEB0DFB77D1B}.Release|Any CPU.Build.0 = Release|Any CPU
		{FCA4229B-079C-4EE5-BAE8-BE51CA624B47}.Debug|Any CPU.ActiveCfg = Debug|Any CPU
		{FCA4229B-079C-4EE5-BAE8-BE51CA624B47}.Debug|Any CPU.Build.0 = Debug|Any CPU
		{FCA4229B-079C-4EE5-BAE8-BE51CA624B47}.Release|Any CPU.ActiveCfg = Release|Any CPU
		{FCA4229B-079C-4EE5-BAE8-BE51CA624B47}.Release|Any CPU.Build.0 = Release|Any CPU
		{B7014595-0E13-4623-8D13-C4BCB122588C}.Debug|Any CPU.ActiveCfg = Debug|Any CPU
		{B7014595-0E13-4623-8D13-C4BCB122588C}.Debug|Any CPU.Build.0 = Debug|Any CPU
		{B7014595-0E13-4623-8D13-C4BCB122588C}.Release|Any CPU.ActiveCfg = Release|Any CPU
		{B7014595-0E13-4623-8D13-C4BCB122588C}.Release|Any CPU.Build.0 = Release|Any CPU
		{8E9BE72C-7063-42AF-85E9-03B7717FDE3C}.Debug|Any CPU.ActiveCfg = Debug|Any CPU
		{8E9BE72C-7063-42AF-85E9-03B7717FDE3C}.Debug|Any CPU.Build.0 = Debug|Any CPU
		{8E9BE72C-7063-42AF-85E9-03B7717FDE3C}.Release|Any CPU.ActiveCfg = Release|Any CPU
		{8E9BE72C-7063-42AF-85E9-03B7717FDE3C}.Release|Any CPU.Build.0 = Release|Any CPU
		{076CAEF0-A89D-47CD-9843-B13E5558B37B}.Debug|Any CPU.ActiveCfg = Debug|Any CPU
		{076CAEF0-A89D-47CD-9843-B13E5558B37B}.Debug|Any CPU.Build.0 = Debug|Any CPU
		{076CAEF0-A89D-47CD-9843-B13E5558B37B}.Release|Any CPU.ActiveCfg = Release|Any CPU
		{076CAEF0-A89D-47CD-9843-B13E5558B37B}.Release|Any CPU.Build.0 = Release|Any CPU
		{53712B90-D3A7-4E51-B18F-4815FECBBCA9}.Debug|Any CPU.ActiveCfg = Debug|Any CPU
		{53712B90-D3A7-4E51-B18F-4815FECBBCA9}.Debug|Any CPU.Build.0 = Debug|Any CPU
		{53712B90-D3A7-4E51-B18F-4815FECBBCA9}.Release|Any CPU.ActiveCfg = Release|Any CPU
		{53712B90-D3A7-4E51-B18F-4815FECBBCA9}.Release|Any CPU.Build.0 = Release|Any CPU
		{784FC62E-7D84-4518-8A5F-3B6921D0BF4D}.Debug|Any CPU.ActiveCfg = Debug|Any CPU
		{784FC62E-7D84-4518-8A5F-3B6921D0BF4D}.Debug|Any CPU.Build.0 = Debug|Any CPU
		{784FC62E-7D84-4518-8A5F-3B6921D0BF4D}.Release|Any CPU.ActiveCfg = Release|Any CPU
		{784FC62E-7D84-4518-8A5F-3B6921D0BF4D}.Release|Any CPU.Build.0 = Release|Any CPU
		{A181BF6B-3198-4D54-AA91-C92CA4E7D2CD}.Debug|Any CPU.ActiveCfg = Debug|Any CPU
		{A181BF6B-3198-4D54-AA91-C92CA4E7D2CD}.Debug|Any CPU.Build.0 = Debug|Any CPU
		{A181BF6B-3198-4D54-AA91-C92CA4E7D2CD}.Release|Any CPU.ActiveCfg = Release|Any CPU
		{A181BF6B-3198-4D54-AA91-C92CA4E7D2CD}.Release|Any CPU.Build.0 = Release|Any CPU
		{2F8DE794-D5A7-46BC-8762-A8E9C1614AA6}.Debug|Any CPU.ActiveCfg = Debug|Any CPU
		{2F8DE794-D5A7-46BC-8762-A8E9C1614AA6}.Debug|Any CPU.Build.0 = Debug|Any CPU
		{2F8DE794-D5A7-46BC-8762-A8E9C1614AA6}.Release|Any CPU.ActiveCfg = Release|Any CPU
		{2F8DE794-D5A7-46BC-8762-A8E9C1614AA6}.Release|Any CPU.Build.0 = Release|Any CPU
		{D37B9157-BB1B-4928-A391-8685B8475BC7}.Debug|Any CPU.ActiveCfg = Debug|Any CPU
		{D37B9157-BB1B-4928-A391-8685B8475BC7}.Debug|Any CPU.Build.0 = Debug|Any CPU
		{D37B9157-BB1B-4928-A391-8685B8475BC7}.Release|Any CPU.ActiveCfg = Release|Any CPU
		{D37B9157-BB1B-4928-A391-8685B8475BC7}.Release|Any CPU.Build.0 = Release|Any CPU
		{B4790F1A-C367-4187-91EA-40A9B9553F0F}.Debug|Any CPU.ActiveCfg = Debug|Any CPU
		{B4790F1A-C367-4187-91EA-40A9B9553F0F}.Debug|Any CPU.Build.0 = Debug|Any CPU
		{B4790F1A-C367-4187-91EA-40A9B9553F0F}.Release|Any CPU.ActiveCfg = Release|Any CPU
		{B4790F1A-C367-4187-91EA-40A9B9553F0F}.Release|Any CPU.Build.0 = Release|Any CPU
		{A5A58267-5B02-4935-BE31-5504FF72DF42}.Debug|Any CPU.ActiveCfg = Debug|Any CPU
		{A5A58267-5B02-4935-BE31-5504FF72DF42}.Debug|Any CPU.Build.0 = Debug|Any CPU
		{A5A58267-5B02-4935-BE31-5504FF72DF42}.Release|Any CPU.ActiveCfg = Release|Any CPU
		{A5A58267-5B02-4935-BE31-5504FF72DF42}.Release|Any CPU.Build.0 = Release|Any CPU
		{74D4C63D-D886-452B-9D01-5D56C4C3CCF6}.Debug|Any CPU.ActiveCfg = Debug|Any CPU
		{74D4C63D-D886-452B-9D01-5D56C4C3CCF6}.Debug|Any CPU.Build.0 = Debug|Any CPU
		{74D4C63D-D886-452B-9D01-5D56C4C3CCF6}.Release|Any CPU.ActiveCfg = Release|Any CPU
		{74D4C63D-D886-452B-9D01-5D56C4C3CCF6}.Release|Any CPU.Build.0 = Release|Any CPU
		{2FBDF9E0-F623-4414-BE5F-4C381CB64A4D}.Debug|Any CPU.ActiveCfg = Debug|Any CPU
		{2FBDF9E0-F623-4414-BE5F-4C381CB64A4D}.Debug|Any CPU.Build.0 = Debug|Any CPU
		{2FBDF9E0-F623-4414-BE5F-4C381CB64A4D}.Release|Any CPU.ActiveCfg = Release|Any CPU
		{2FBDF9E0-F623-4414-BE5F-4C381CB64A4D}.Release|Any CPU.Build.0 = Release|Any CPU
	EndGlobalSection
EndGlobal
